
Microsoft Visual Studio Solution File, Format Version 11.00
# Visual Studio 2010
Project("{FAE04EC0-301F-11D3-BF4B-00C04F79EFBC}") = "DBBlog", "DBBlog\DBBlog.csproj", "{4ECD3576-3ADC-4B9D-8CBE-066F57F1F37A}"
EndProject
Global
	GlobalSection(SolutionConfigurationPlatforms) = preSolution
		Debug|Any CPU = Debug|Any CPU
		Release|Any CPU = Release|Any CPU
	EndGlobalSection
	GlobalSection(ProjectConfigurationPlatforms) = postSolution
		{4ECD3576-3ADC-4B9D-8CBE-066F57F1F37A}.Debug|Any CPU.ActiveCfg = Debug|Any CPU
		{4ECD3576-3ADC-4B9D-8CBE-066F57F1F37A}.Debug|Any CPU.Build.0 = Debug|Any CPU
		{4ECD3576-3ADC-4B9D-8CBE-066F57F1F37A}.Release|Any CPU.ActiveCfg = Release|Any CPU
		{4ECD3576-3ADC-4B9D-8CBE-066F57F1F37A}.Release|Any CPU.Build.0 = Release|Any CPU
	EndGlobalSection
	GlobalSection(SolutionProperties) = preSolution
		HideSolutionNode = FALSE
	EndGlobalSection
EndGlobal
